
Microsoft Visual Studio Solution File, Format Version 12.00
# Visual Studio 15
VisualStudioVersion = 15.0.28307.1738
MinimumVisualStudioVersion = 10.0.40219.1
Project("{FAE04EC0-301F-11D3-BF4B-00C04F79EFBC}") = "14 абстрактные классы", "14 абстрактные классы\14 абстрактные классы.csproj", "{FD33212D-2026-4BED-BCD0-6588DABDB718}"
EndProject
Global
	GlobalSection(SolutionConfigurationPlatforms) = preSolution
		Debug|Any CPU = Debug|Any CPU
		Release|Any CPU = Release|Any CPU
	EndGlobalSection
	GlobalSection(ProjectConfigurationPlatforms) = postSolution
		{FD33212D-2026-4BED-BCD0-6588DABDB718}.Debug|Any CPU.ActiveCfg = Debug|Any CPU
		{FD33212D-2026-4BED-BCD0-6588DABDB718}.Debug|Any CPU.Build.0 = Debug|Any CPU
		{FD33212D-2026-4BED-BCD0-6588DABDB718}.Release|Any CPU.ActiveCfg = Release|Any CPU
		{FD33212D-2026-4BED-BCD0-6588DABDB718}.Release|Any CPU.Build.0 = Release|Any CPU
	EndGlobalSection
	GlobalSection(SolutionProperties) = preSolution
		HideSolutionNode = FALSE
	EndGlobalSection
	GlobalSection(ExtensibilityGlobals) = postSolution
		SolutionGuid = {3EF5322C-A1FD-400E-999E-F2396CD3BE43}
	EndGlobalSection
EndGlobal
